
Microsoft Visual Studio Solution File, Format Version 12.00
# Visual Studio Version 16
VisualStudioVersion = 16.0.28902.138
MinimumVisualStudioVersion = 15.0.26124.0
Project("{2150E333-8FDC-42A3-9474-1A3956D46DE8}") = "Solution Items", "Solution Items", "{80349F1E-4275-4A6A-B9B3-89CF9D3383A3}"
	ProjectSection(SolutionItems) = preProject
		.editorconfig = .editorconfig
		.gitattributes = .gitattributes
		.gitignore = .gitignore
		.gitmodules = .gitmodules
		AllRules.ruleset = AllRules.ruleset
		Directory.Build.props = Directory.Build.props
		Directory.Meta.props = Directory.Meta.props
		Directory.Version.props = Directory.Version.props
		LICENSE = LICENSE
	EndProjectSection
EndProject
Project("{2150E333-8FDC-42A3-9474-1A3956D46DE8}") = "src", "src", "{5E6B44E3-3104-44CC-A0E7-12386FD8678A}"
EndProject
Project("{2150E333-8FDC-42A3-9474-1A3956D46DE8}") = "dotnet-common", "dotnet-common", "{4FEAB4A6-88E0-4DEF-8B50-03E10F9B165C}"
EndProject
Project("{2150E333-8FDC-42A3-9474-1A3956D46DE8}") = "src", "src", "{A456BE98-CD7C-4426-91A0-AC87FBAF1941}"
EndProject
Project("{9A19103F-16F7-4668-BE54-9A1E7A4F7556}") = "THNETII.Common", "dotnet-common\src\THNETII.Common\THNETII.Common.csproj", "{E229AEE4-7310-4162-BD90-08669A05B6C0}"
EndProject
Project("{9A19103F-16F7-4668-BE54-9A1E7A4F7556}") = "THNETII.DependencyInjection", "dotnet-common\src\THNETII.DependencyInjection\THNETII.DependencyInjection.csproj", "{62E139E1-57F0-40D2-8CC3-D12F578AF4E8}"
EndProject
Project("{9A19103F-16F7-4668-BE54-9A1E7A4F7556}") = "Couven92.TwitchSearch.TwitchSearchCli", "src\Couven92.TwitchSearch.TwitchSearchCli\Couven92.TwitchSearch.TwitchSearchCli.csproj", "{64D16AA8-7C61-4BE4-BFAF-D541E91F35FC}"
EndProject
Project("{9A19103F-16F7-4668-BE54-9A1E7A4F7556}") = "THNETII.Networking.Http", "dotnet-common\src\THNETII.Networking.Http\THNETII.Networking.Http.csproj", "{A4A4D639-5F82-4D4A-A8FF-C01F6B6EE66F}"
EndProject
Project("{9A19103F-16F7-4668-BE54-9A1E7A4F7556}") = "THNETII.CommandLine.Hosting", "dotnet-common\src\THNETII.CommandLine.Hosting\THNETII.CommandLine.Hosting.csproj", "{280C7A40-40BC-46A0-928C-68083AA0CA95}"
EndProject
Project("{9A19103F-16F7-4668-BE54-9A1E7A4F7556}") = "Couven92.TwitchSearch.TwitchClient", "src\Couven92.TwitchSearch.TwitchClient\Couven92.TwitchSearch.TwitchClient.csproj", "{2C321B24-6954-4381-9109-5E45BC02ACD8}"
EndProject
Project("{9A19103F-16F7-4668-BE54-9A1E7A4F7556}") = "Couven92.TwitchSearch.BlazorWasm", "src\Couven92.TwitchSearch.BlazorWasm\Couven92.TwitchSearch.BlazorWasm.csproj", "{81866F16-F325-4C94-8713-DAFB58F40E12}"
EndProject
Global
	GlobalSection(SolutionConfigurationPlatforms) = preSolution
		Debug|Any CPU = Debug|Any CPU
		Debug|x64 = Debug|x64
		Debug|x86 = Debug|x86
		Release|Any CPU = Release|Any CPU
		Release|x64 = Release|x64
		Release|x86 = Release|x86
	EndGlobalSection
	GlobalSection(ProjectConfigurationPlatforms) = postSolution
		{E229AEE4-7310-4162-BD90-08669A05B6C0}.Debug|Any CPU.ActiveCfg = Debug|Any CPU
		{E229AEE4-7310-4162-BD90-08669A05B6C0}.Debug|Any CPU.Build.0 = Debug|Any CPU
		{E229AEE4-7310-4162-BD90-08669A05B6C0}.Debug|x64.ActiveCfg = Debug|Any CPU
		{E229AEE4-7310-4162-BD90-08669A05B6C0}.Debug|x64.Build.0 = Debug|Any CPU
		{E229AEE4-7310-4162-BD90-08669A05B6C0}.Debug|x86.ActiveCfg = Debug|Any CPU
		{E229AEE4-7310-4162-BD90-08669A05B6C0}.Debug|x86.Build.0 = Debug|Any CPU
		{E229AEE4-7310-4162-BD90-08669A05B6C0}.Release|Any CPU.ActiveCfg = Release|Any CPU
		{E229AEE4-7310-4162-BD90-08669A05B6C0}.Release|Any CPU.Build.0 = Release|Any CPU
		{E229AEE4-7310-4162-BD90-08669A05B6C0}.Release|x64.ActiveCfg = Release|Any CPU
		{E229AEE4-7310-4162-BD90-08669A05B6C0}.Release|x64.Build.0 = Release|Any CPU
		{E229AEE4-7310-4162-BD90-08669A05B6C0}.Release|x86.ActiveCfg = Release|Any CPU
		{E229AEE4-7310-4162-BD90-08669A05B6C0}.Release|x86.Build.0 = Release|Any CPU
		{62E139E1-57F0-40D2-8CC3-D12F578AF4E8}.Debug|Any CPU.ActiveCfg = Debug|Any CPU
		{62E139E1-57F0-40D2-8CC3-D12F578AF4E8}.Debug|Any CPU.Build.0 = Debug|Any CPU
		{62E139E1-57F0-40D2-8CC3-D12F578AF4E8}.Debug|x64.ActiveCfg = Debug|Any CPU
		{62E139E1-57F0-40D2-8CC3-D12F578AF4E8}.Debug|x64.Build.0 = Debug|Any CPU
		{62E139E1-57F0-40D2-8CC3-D12F578AF4E8}.Debug|x86.ActiveCfg = Debug|Any CPU
		{62E139E1-57F0-40D2-8CC3-D12F578AF4E8}.Debug|x86.Build.0 = Debug|Any CPU
		{62E139E1-57F0-40D2-8CC3-D12F578AF4E8}.Release|Any CPU.ActiveCfg = Release|Any CPU
		{62E139E1-57F0-40D2-8CC3-D12F578AF4E8}.Release|Any CPU.Build.0 = Release|Any CPU
		{62E139E1-57F0-40D2-8CC3-D12F578AF4E8}.Release|x64.ActiveCfg = Release|Any CPU
		{62E139E1-57F0-40D2-8CC3-D12F578AF4E8}.Release|x64.Build.0 = Release|Any CPU
		{62E139E1-57F0-40D2-8CC3-D12F578AF4E8}.Release|x86.ActiveCfg = Release|Any CPU
		{62E139E1-57F0-40D2-8CC3-D12F578AF4E8}.Release|x86.Build.0 = Release|Any CPU
		{64D16AA8-7C61-4BE4-BFAF-D541E91F35FC}.Debug|Any CPU.ActiveCfg = Debug|Any CPU
		{64D16AA8-7C61-4BE4-BFAF-D541E91F35FC}.Debug|Any CPU.Build.0 = Debug|Any CPU
		{64D16AA8-7C61-4BE4-BFAF-D541E91F35FC}.Debug|x64.ActiveCfg = Debug|Any CPU
		{64D16AA8-7C61-4BE4-BFAF-D541E91F35FC}.Debug|x64.Build.0 = Debug|Any CPU
		{64D16AA8-7C61-4BE4-BFAF-D541E91F35FC}.Debug|x86.ActiveCfg = Debug|Any CPU
		{64D16AA8-7C61-4BE4-BFAF-D541E91F35FC}.Debug|x86.Build.0 = Debug|Any CPU
		{64D16AA8-7C61-4BE4-BFAF-D541E91F35FC}.Release|Any CPU.ActiveCfg = Release|Any CPU
		{64D16AA8-7C61-4BE4-BFAF-D541E91F35FC}.Release|Any CPU.Build.0 = Release|Any CPU
		{64D16AA8-7C61-4BE4-BFAF-D541E91F35FC}.Release|x64.ActiveCfg = Release|Any CPU
		{64D16AA8-7C61-4BE4-BFAF-D541E91F35FC}.Release|x64.Build.0 = Release|Any CPU
		{64D16AA8-7C61-4BE4-BFAF-D541E91F35FC}.Release|x86.ActiveCfg = Release|Any CPU
		{64D16AA8-7C61-4BE4-BFAF-D541E91F35FC}.Release|x86.Build.0 = Release|Any CPU
		{A4A4D639-5F82-4D4A-A8FF-C01F6B6EE66F}.Debug|Any CPU.ActiveCfg = Debug|Any CPU
		{A4A4D639-5F82-4D4A-A8FF-C01F6B6EE66F}.Debug|Any CPU.Build.0 = Debug|Any CPU
		{A4A4D639-5F82-4D4A-A8FF-C01F6B6EE66F}.Debug|x64.ActiveCfg = Debug|Any CPU
		{A4A4D639-5F82-4D4A-A8FF-C01F6B6EE66F}.Debug|x64.Build.0 = Debug|Any CPU
		{A4A4D639-5F82-4D4A-A8FF-C01F6B6EE66F}.Debug|x86.ActiveCfg = Debug|Any CPU
		{A4A4D639-5F82-4D4A-A8FF-C01F6B6EE66F}.Debug|x86.Build.0 = Debug|Any CPU
		{A4A4D639-5F82-4D4A-A8FF-C01F6B6EE66F}.Release|Any CPU.ActiveCfg = Release|Any CPU
		{A4A4D639-5F82-4D4A-A8FF-C01F6B6EE66F}.Release|Any CPU.Build.0 = Release|Any CPU
		{A4A4D639-5F82-4D4A-A8FF-C01F6B6EE66F}.Release|x64.ActiveCfg = Release|Any CPU
		{A4A4D639-5F82-4D4A-A8FF-C01F6B6EE66F}.Release|x64.Build.0 = Release|Any CPU
		{A4A4D639-5F82-4D4A-A8FF-C01F6B6EE66F}.Release|x86.ActiveCfg = Release|Any CPU
		{A4A4D639-5F82-4D4A-A8FF-C01F6B6EE66F}.Release|x86.Build.0 = Release|Any CPU
		{280C7A40-40BC-46A0-928C-68083AA0CA95}.Debug|Any CPU.ActiveCfg = Debug|Any CPU
		{280C7A40-40BC-46A0-928C-68083AA0CA95}.Debug|Any CPU.Build.0 = Debug|Any CPU
		{280C7A40-40BC-46A0-928C-68083AA0CA95}.Debug|x64.ActiveCfg = Debug|Any CPU
		{280C7A40-40BC-46A0-928C-68083AA0CA95}.Debug|x64.Build.0 = Debug|Any CPU
		{280C7A40-40BC-46A0-928C-68083AA0CA95}.Debug|x86.ActiveCfg = Debug|Any CPU
		{280C7A40-40BC-46A0-928C-68083AA0CA95}.Debug|x86.Build.0 = Debug|Any CPU
		{280C7A40-40BC-46A0-928C-68083AA0CA95}.Release|Any CPU.ActiveCfg = Release|Any CPU
		{280C7A40-40BC-46A0-928C-68083AA0CA95}.Release|Any CPU.Build.0 = Release|Any CPU
		{280C7A40-40BC-46A0-928C-68083AA0CA95}.Release|x64.ActiveCfg = Release|Any CPU
		{280C7A40-40BC-46A0-928C-68083AA0CA95}.Release|x64.Build.0 = Release|Any CPU
		{280C7A40-40BC-46A0-928C-68083AA0CA95}.Release|x86.ActiveCfg = Release|Any CPU
		{280C7A40-40BC-46A0-928C-68083AA0CA95}.Release|x86.Build.0 = Release|Any CPU
		{2C321B24-6954-4381-9109-5E45BC02ACD8}.Debug|Any CPU.ActiveCfg = Debug|Any CPU
		{2C321B24-6954-4381-9109-5E45BC02ACD8}.Debug|Any CPU.Build.0 = Debug|Any CPU
		{2C321B24-6954-4381-9109-5E45BC02ACD8}.Debug|x64.ActiveCfg = Debug|Any CPU
		{2C321B24-6954-4381-9109-5E45BC02ACD8}.Debug|x64.Build.0 = Debug|Any CPU
		{2C321B24-6954-4381-9109-5E45BC02ACD8}.Debug|x86.ActiveCfg = Debug|Any CPU
		{2C321B24-6954-4381-9109-5E45BC02ACD8}.Debug|x86.Build.0 = Debug|Any CPU
		{2C321B24-6954-4381-9109-5E45BC02ACD8}.Release|Any CPU.ActiveCfg = Release|Any CPU
		{2C321B24-6954-4381-9109-5E45BC02ACD8}.Release|Any CPU.Build.0 = Release|Any CPU
		{2C321B24-6954-4381-9109-5E45BC02ACD8}.Release|x64.ActiveCfg = Release|Any CPU
		{2C321B24-6954-4381-9109-5E45BC02ACD8}.Release|x64.Build.0 = Release|Any CPU
		{2C321B24-6954-4381-9109-5E45BC02ACD8}.Release|x86.ActiveCfg = Release|Any CPU
		{2C321B24-6954-4381-9109-5E45BC02ACD8}.Release|x86.Build.0 = Release|Any CPU
		{81866F16-F325-4C94-8713-DAFB58F40E12}.Debug|Any CPU.ActiveCfg = Debug|Any CPU
		{81866F16-F325-4C94-8713-DAFB58F40E12}.Debug|Any CPU.Build.0 = Debug|Any CPU
		{81866F16-F325-4C94-8713-DAFB58F40E12}.Debug|x64.ActiveCfg = Debug|Any CPU
		{81866F16-F325-4C94-8713-DAFB58F40E12}.Debug|x64.Build.0 = Debug|Any CPU
		{81866F16-F325-4C94-8713-DAFB58F40E12}.Debug|x86.ActiveCfg = Debug|Any CPU
		{81866F16-F325-4C94-8713-DAFB58F40E12}.Debug|x86.Build.0 = Debug|Any CPU
		{81866F16-F325-4C94-8713-DAFB58F40E12}.Release|Any CPU.ActiveCfg = Release|Any CPU
		{81866F16-F325-4C94-8713-DAFB58F40E12}.Release|Any CPU.Build.0 = Release|Any CPU
		{81866F16-F325-4C94-8713-DAFB58F40E12}.Release|x64.ActiveCfg = Release|Any CPU
		{81866F16-F325-4C94-8713-DAFB58F40E12}.Release|x64.Build.0 = Release|Any CPU
		{81866F16-F325-4C94-8713-DAFB58F40E12}.Release|x86.ActiveCfg = Release|Any CPU
		{81866F16-F325-4C94-8713-DAFB58F40E12}.Release|x86.Build.0 = Release|Any CPU
	EndGlobalSection
	GlobalSection(SolutionProperties) = preSolution
		HideSolutionNode = FALSE
	EndGlobalSection
	GlobalSection(NestedProjects) = preSolution
		{A456BE98-CD7C-4426-91A0-AC87FBAF1941} = {4FEAB4A6-88E0-4DEF-8B50-03E10F9B165C}
		{E229AEE4-7310-4162-BD90-08669A05B6C0} = {A456BE98-CD7C-4426-91A0-AC87FBAF1941}
		{62E139E1-57F0-40D2-8CC3-D12F578AF4E8} = {A456BE98-CD7C-4426-91A0-AC87FBAF1941}
		{64D16AA8-7C61-4BE4-BFAF-D541E91F35FC} = {5E6B44E3-3104-44CC-A0E7-12386FD8678A}
		{A4A4D639-5F82-4D4A-A8FF-C01F6B6EE66F} = {A456BE98-CD7C-4426-91A0-AC87FBAF1941}
		{280C7A40-40BC-46A0-928C-68083AA0CA95} = {A456BE98-CD7C-4426-91A0-AC87FBAF1941}
		{2C321B24-6954-4381-9109-5E45BC02ACD8} = {5E6B44E3-3104-44CC-A0E7-12386FD8678A}
		{81866F16-F325-4C94-8713-DAFB58F40E12} = {5E6B44E3-3104-44CC-A0E7-12386FD8678A}
	EndGlobalSection
	GlobalSection(ExtensibilityGlobals) = postSolution
		SolutionGuid = {E8C24BF8-4986-456A-9232-9107F92247AE}
	EndGlobalSection
EndGlobal
